// !$*UTF8*$!
{
	archiveVersion = 1;
	classes = {
	};
	objectVersion = 46;
	objects = {

/* Begin PBXBuildFile section */
		351D94661F14BDC000762763 /* AppDelegate.swift in Sources */ = {isa = PBXBuildFile; fileRef = 351D94651F14BDC000762763 /* AppDelegate.swift */; };
		351D946D1F14BDC000762763 /* Assets.xcassets in Resources */ = {isa = PBXBuildFile; fileRef = 351D946C1F14BDC000762763 /* Assets.xcassets */; };
		351D94701F14BDC000762763 /* LaunchScreen.storyboard in Resources */ = {isa = PBXBuildFile; fileRef = 351D946E1F14BDC000762763 /* LaunchScreen.storyboard */; };
		3523451A1F1630FB003761D6 /* Movie.swift in Sources */ = {isa = PBXBuildFile; fileRef = 352345191F1630FB003761D6 /* Movie.swift */; };
		3523451C1F16318C003761D6 /* CountryService.swift in Sources */ = {isa = PBXBuildFile; fileRef = 3523451B1F16318C003761D6 /* CountryService.swift */; };
		354C459E1F14D86D00F31D13 /* MainViewController.swift in Sources */ = {isa = PBXBuildFile; fileRef = 354C459D1F14D86D00F31D13 /* MainViewController.swift */; };
		3597728A1F1790D6009E9E7D /* CountryTableViewCell.swift in Sources */ = {isa = PBXBuildFile; fileRef = 359772891F1790D6009E9E7D /* CountryTableViewCell.swift */; };
		3597728D1F179236009E9E7D /* CountryViewModel.swift in Sources */ = {isa = PBXBuildFile; fileRef = 3597728C1F179236009E9E7D /* CountryViewModel.swift */; };
		35CD23741F14DE2D00E4D882 /* CountryDataSource.swift in Sources */ = {isa = PBXBuildFile; fileRef = 35CD23731F14DE2D00E4D882 /* CountryDataSource.swift */; };
		35F9D2471F1634AF001098E4 /* Reusable.swift in Sources */ = {isa = PBXBuildFile; fileRef = 35F9D2461F1634AF001098E4 /* Reusable.swift */; };
		35F9D24C1F16355A001098E4 /* UITableViewCell+Extension.swift in Sources */ = {isa = PBXBuildFile; fileRef = 35F9D24B1F16355A001098E4 /* UITableViewCell+Extension.swift */; };
		35F9D24E1F163594001098E4 /* UITableView+Extension.swift in Sources */ = {isa = PBXBuildFile; fileRef = 35F9D24D1F163594001098E4 /* UITableView+Extension.swift */; };
		DA26A0F933703622889BD11F /* Pods_MVVM_Demo.framework in Frameworks */ = {isa = PBXBuildFile; fileRef = 35DFA2A81D7029FDD19AF8F9 /* Pods_MVVM_Demo.framework */; };
/* End PBXBuildFile section */

/* Begin PBXFileReference section */
		15E41DB46096ABD4066B84D2 /* Pods-MVVM-Demo.debug.xcconfig */ = {isa = PBXFileReference; includeInIndex = 1; lastKnownFileType = text.xcconfig; name = "Pods-MVVM-Demo.debug.xcconfig"; path = "Pods/Target Support Files/Pods-MVVM-Demo/Pods-MVVM-Demo.debug.xcconfig"; sourceTree = "<group>"; };
		351D94621F14BDC000762763 /* MVVM-Demo.app */ = {isa = PBXFileReference; explicitFileType = wrapper.application; includeInIndex = 0; path = "MVVM-Demo.app"; sourceTree = BUILT_PRODUCTS_DIR; };
		351D94651F14BDC000762763 /* AppDelegate.swift */ = {isa = PBXFileReference; lastKnownFileType = sourcecode.swift; path = AppDelegate.swift; sourceTree = "<group>"; };
		351D946C1F14BDC000762763 /* Assets.xcassets */ = {isa = PBXFileReference; lastKnownFileType = folder.assetcatalog; path = Assets.xcassets; sourceTree = "<group>"; };
		351D946F1F14BDC000762763 /* Base */ = {isa = PBXFileReference; lastKnownFileType = file.storyboard; name = Base; path = Base.lproj/LaunchScreen.storyboard; sourceTree = "<group>"; };
		351D94711F14BDC000762763 /* Info.plist */ = {isa = PBXFileReference; lastKnownFileType = text.plist.xml; path = Info.plist; sourceTree = "<group>"; };
		352345191F1630FB003761D6 /* Movie.swift */ = {isa = PBXFileReference; fileEncoding = 4; lastKnownFileType = sourcecode.swift; path = Movie.swift; sourceTree = "<group>"; };
		3523451B1F16318C003761D6 /* CountryService.swift */ = {isa = PBXFileReference; fileEncoding = 4; lastKnownFileType = sourcecode.swift; path = CountryService.swift; sourceTree = "<group>"; };
		354C459D1F14D86D00F31D13 /* MainViewController.swift */ = {isa = PBXFileReference; fileEncoding = 4; lastKnownFileType = sourcecode.swift; name = MainViewController.swift; path = ViewController/MainViewController.swift; sourceTree = "<group>"; };
		359772891F1790D6009E9E7D /* CountryTableViewCell.swift */ = {isa = PBXFileReference; fileEncoding = 4; lastKnownFileType = sourcecode.swift; name = CountryTableViewCell.swift; path = View/CountryTableViewCell.swift; sourceTree = "<group>"; };
		3597728C1F179236009E9E7D /* CountryViewModel.swift */ = {isa = PBXFileReference; fileEncoding = 4; lastKnownFileType = sourcecode.swift; path = CountryViewModel.swift; sourceTree = "<group>"; };
		35CD23731F14DE2D00E4D882 /* CountryDataSource.swift */ = {isa = PBXFileReference; fileEncoding = 4; lastKnownFileType = sourcecode.swift; name = CountryDataSource.swift; path = Model/CountryDataSource.swift; sourceTree = "<group>"; };
		35DFA2A81D7029FDD19AF8F9 /* Pods_MVVM_Demo.framework */ = {isa = PBXFileReference; explicitFileType = wrapper.framework; includeInIndex = 0; path = Pods_MVVM_Demo.framework; sourceTree = BUILT_PRODUCTS_DIR; };
		35F9D2461F1634AF001098E4 /* Reusable.swift */ = {isa = PBXFileReference; fileEncoding = 4; lastKnownFileType = sourcecode.swift; path = Reusable.swift; sourceTree = "<group>"; };
		35F9D24B1F16355A001098E4 /* UITableViewCell+Extension.swift */ = {isa = PBXFileReference; fileEncoding = 4; lastKnownFileType = sourcecode.swift; path = "UITableViewCell+Extension.swift"; sourceTree = "<group>"; };
		35F9D24D1F163594001098E4 /* UITableView+Extension.swift */ = {isa = PBXFileReference; fileEncoding = 4; lastKnownFileType = sourcecode.swift; path = "UITableView+Extension.swift"; sourceTree = "<group>"; };
		4365537323FE85CF292FB75C /* Pods-MVVM-Demo.release.xcconfig */ = {isa = PBXFileReference; includeInIndex = 1; lastKnownFileType = text.xcconfig; name = "Pods-MVVM-Demo.release.xcconfig"; path = "Pods/Target Support Files/Pods-MVVM-Demo/Pods-MVVM-Demo.release.xcconfig"; sourceTree = "<group>"; };
/* End PBXFileReference section */

/* Begin PBXFrameworksBuildPhase section */
		351D945F1F14BDC000762763 /* Frameworks */ = {
			isa = PBXFrameworksBuildPhase;
			buildActionMask = 2147483647;
			files = (
				DA26A0F933703622889BD11F /* Pods_MVVM_Demo.framework in Frameworks */,
			);
			runOnlyForDeploymentPostprocessing = 0;
		};
/* End PBXFrameworksBuildPhase section */

/* Begin PBXGroup section */
		084B7FB518AB8C22DBE77183 /* Frameworks */ = {
			isa = PBXGroup;
			children = (
				35DFA2A81D7029FDD19AF8F9 /* Pods_MVVM_Demo.framework */,
			);
			name = Frameworks;
			sourceTree = "<group>";
		};
		351D94591F14BDC000762763 = {
			isa = PBXGroup;
			children = (
				351D94641F14BDC000762763 /* MVVM-Demo */,
				351D94631F14BDC000762763 /* Products */,
				418728E29B210E7B4662D238 /* Pods */,
				084B7FB518AB8C22DBE77183 /* Frameworks */,
			);
			sourceTree = "<group>";
		};
		351D94631F14BDC000762763 /* Products */ = {
			isa = PBXGroup;
			children = (
				351D94621F14BDC000762763 /* MVVM-Demo.app */,
			);
			name = Products;
			sourceTree = "<group>";
		};
		351D94641F14BDC000762763 /* MVVM-Demo */ = {
			isa = PBXGroup;
			children = (
				351D94651F14BDC000762763 /* AppDelegate.swift */,
				351D946C1F14BDC000762763 /* Assets.xcassets */,
				3597728B1F1790DB009E9E7D /* Extension */,
				351D94711F14BDC000762763 /* Info.plist */,
				351D946E1F14BDC000762763 /* LaunchScreen.storyboard */,
				35CD23711F14DDE000E4D882 /* Model */,
				35F9D2451F163485001098E4 /* Protocol */,
				352345181F163076003761D6 /* Service */,
				35F9D2481F163536001098E4 /* View */,
				354C459C1F14D85300F31D13 /* ViewController */,
			);
			path = "MVVM-Demo";
			sourceTree = "<group>";
		};
		352345181F163076003761D6 /* Service */ = {
			isa = PBXGroup;
			children = (
				3523451B1F16318C003761D6 /* CountryService.swift */,
			);
			name = Service;
			sourceTree = "<group>";
		};
		354C459C1F14D85300F31D13 /* ViewController */ = {
			isa = PBXGroup;
			children = (
				354C459D1F14D86D00F31D13 /* MainViewController.swift */,
			);
			name = ViewController;
			sourceTree = "<group>";
		};
		3597728B1F1790DB009E9E7D /* Extension */ = {
			isa = PBXGroup;
			children = (
				35F9D24B1F16355A001098E4 /* UITableViewCell+Extension.swift */,
				35F9D24D1F163594001098E4 /* UITableView+Extension.swift */,
			);
			path = Extension;
			sourceTree = "<group>";
		};
		35CD23711F14DDE000E4D882 /* Model */ = {
			isa = PBXGroup;
			children = (
				35CD23731F14DE2D00E4D882 /* CountryDataSource.swift */,
				3597728C1F179236009E9E7D /* CountryViewModel.swift */,
				352345191F1630FB003761D6 /* Movie.swift */,
			);
			name = Model;
			sourceTree = "<group>";
		};
		35F9D2451F163485001098E4 /* Protocol */ = {
			isa = PBXGroup;
			children = (
				35F9D2461F1634AF001098E4 /* Reusable.swift */,
			);
			name = Protocol;
			sourceTree = "<group>";
		};
		35F9D2481F163536001098E4 /* View */ = {
			isa = PBXGroup;
			children = (
				359772891F1790D6009E9E7D /* CountryTableViewCell.swift */,
			);
			name = View;
			sourceTree = "<group>";
		};
		418728E29B210E7B4662D238 /* Pods */ = {
			isa = PBXGroup;
			children = (
				15E41DB46096ABD4066B84D2 /* Pods-MVVM-Demo.debug.xcconfig */,
				4365537323FE85CF292FB75C /* Pods-MVVM-Demo.release.xcconfig */,
			);
			name = Pods;
			sourceTree = "<group>";
		};
/* End PBXGroup section */

/* Begin PBXNativeTarget section */
		351D94611F14BDC000762763 /* MVVM-Demo */ = {
			isa = PBXNativeTarget;
			buildConfigurationList = 351D94741F14BDC000762763 /* Build configuration list for PBXNativeTarget "MVVM-Demo" */;
			buildPhases = (
				1F3C6B41CD88FB835A85E5FD /* [CP] Check Pods Manifest.lock */,
				351D945E1F14BDC000762763 /* Sources */,
				351D945F1F14BDC000762763 /* Frameworks */,
				351D94601F14BDC000762763 /* Resources */,
				68F9DB85EBEC92A76D8D5A92 /* [CP] Embed Pods Frameworks */,
				B9489994A6BA30C924B42F57 /* [CP] Copy Pods Resources */,
			);
			buildRules = (
			);
			dependencies = (
			);
			name = "MVVM-Demo";
			productName = "MVVM-Demo";
			productReference = 351D94621F14BDC000762763 /* MVVM-Demo.app */;
			productType = "com.apple.product-type.application";
		};
/* End PBXNativeTarget section */

/* Begin PBXProject section */
		351D945A1F14BDC000762763 /* Project object */ = {
			isa = PBXProject;
			attributes = {
				LastSwiftUpdateCheck = 0830;
				LastUpgradeCheck = 0830;
				ORGANIZATIONNAME = "Stefan Sut";
				TargetAttributes = {
					351D94611F14BDC000762763 = {
						CreatedOnToolsVersion = 8.3.3;
						DevelopmentTeam = JV7AQ8ED57;
						ProvisioningStyle = Automatic;
					};
				};
			};
			buildConfigurationList = 351D945D1F14BDC000762763 /* Build configuration list for PBXProject "MVVM-Demo" */;
			compatibilityVersion = "Xcode 3.2";
			developmentRegion = English;
			hasScannedForEncodings = 0;
			knownRegions = (
				en,
				Base,
			);
			mainGroup = 351D94591F14BDC000762763;
			productRefGroup = 351D94631F14BDC000762763 /* Products */;
			projectDirPath = "";
			projectRoot = "";
			targets = (
				351D94611F14BDC000762763 /* MVVM-Demo */,
			);
		};
/* End PBXProject section */

/* Begin PBXResourcesBuildPhase section */
		351D94601F14BDC000762763 /* Resources */ = {
			isa = PBXResourcesBuildPhase;
			buildActionMask = 2147483647;
			files = (
				351D94701F14BDC000762763 /* LaunchScreen.storyboard in Resources */,
				351D946D1F14BDC000762763 /* Assets.xcassets in Resources */,
			);
			runOnlyForDeploymentPostprocessing = 0;
		};
/* End PBXResourcesBuildPhase section */

/* Begin PBXShellScriptBuildPhase section */
		1F3C6B41CD88FB835A85E5FD /* [CP] Check Pods Manifest.lock */ = {
			isa = PBXShellScriptBuildPhase;
			buildActionMask = 2147483647;
			files = (
			);
			inputPaths = (
			);
			name = "[CP] Check Pods Manifest.lock";
			outputPaths = (
			);
			runOnlyForDeploymentPostprocessing = 0;
			shellPath = /bin/sh;
			shellScript = "diff \"${PODS_ROOT}/../Podfile.lock\" \"${PODS_ROOT}/Manifest.lock\" > /dev/null\nif [ $? != 0 ] ; then\n    # print error to STDERR\n    echo \"error: The sandbox is not in sync with the Podfile.lock. Run 'pod install' or update your CocoaPods installation.\" >&2\n    exit 1\nfi\n";
			showEnvVarsInLog = 0;
		};
		68F9DB85EBEC92A76D8D5A92 /* [CP] Embed Pods Frameworks */ = {
			isa = PBXShellScriptBuildPhase;
			buildActionMask = 2147483647;
			files = (
			);
			inputPaths = (
			);
			name = "[CP] Embed Pods Frameworks";
			outputPaths = (
			);
			runOnlyForDeploymentPostprocessing = 0;
			shellPath = /bin/sh;
			shellScript = "\"${SRCROOT}/Pods/Target Support Files/Pods-MVVM-Demo/Pods-MVVM-Demo-frameworks.sh\"\n";
			showEnvVarsInLog = 0;
		};
		B9489994A6BA30C924B42F57 /* [CP] Copy Pods Resources */ = {
			isa = PBXShellScriptBuildPhase;
			buildActionMask = 2147483647;
			files = (
			);
			inputPaths = (
			);
			name = "[CP] Copy Pods Resources";
			outputPaths = (
			);
			runOnlyForDeploymentPostprocessing = 0;
			shellPath = /bin/sh;
			shellScript = "\"${SRCROOT}/Pods/Target Support Files/Pods-MVVM-Demo/Pods-MVVM-Demo-resources.sh\"\n";
			showEnvVarsInLog = 0;
		};
/* End PBXShellScriptBuildPhase section */

/* Begin PBXSourcesBuildPhase section */
		351D945E1F14BDC000762763 /* Sources */ = {
			isa = PBXSourcesBuildPhase;
			buildActionMask = 2147483647;
			files = (
				3597728A1F1790D6009E9E7D /* CountryTableViewCell.swift in Sources */,
				35F9D24C1F16355A001098E4 /* UITableViewCell+Extension.swift in Sources */,
				35F9D2471F1634AF001098E4 /* Reusable.swift in Sources */,
				35CD23741F14DE2D00E4D882 /* CountryDataSource.swift in Sources */,
				3523451A1F1630FB003761D6 /* Movie.swift in Sources */,
				351D94661F14BDC000762763 /* AppDelegate.swift in Sources */,
				354C459E1F14D86D00F31D13 /* MainViewController.swift in Sources */,
				3523451C1F16318C003761D6 /* CountryService.swift in Sources */,
				35F9D24E1F163594001098E4 /* UITableView+Extension.swift in Sources */,
				3597728D1F179236009E9E7D /* CountryViewModel.swift in Sources */,
			);
			runOnlyForDeploymentPostprocessing = 0;
		};
/* End PBXSourcesBuildPhase section */

/* Begin PBXVariantGroup section */
		351D946E1F14BDC000762763 /* LaunchScreen.storyboard */ = {
			isa = PBXVariantGroup;
			children = (
				351D946F1F14BDC000762763 /* Base */,
			);
			name = LaunchScreen.storyboard;
			sourceTree = "<group>";
		};
/* End PBXVariantGroup section */

/* Begin XCBuildConfiguration section */
		351D94721F14BDC000762763 /* Debug */ = {
			isa = XCBuildConfiguration;
			buildSettings = {
				ALWAYS_SEARCH_USER_PATHS = NO;
				CLANG_ANALYZER_NONNULL = YES;
				CLANG_ANALYZER_NUMBER_OBJECT_CONVERSION = YES_AGGRESSIVE;
				CLANG_CXX_LANGUAGE_STANDARD = "gnu++0x";
				CLANG_CXX_LIBRARY = "libc++";
				CLANG_ENABLE_MODULES = YES;
				CLANG_ENABLE_OBJC_ARC = YES;
				CLANG_WARN_BOOL_CONVERSION = YES;
				CLANG_WARN_CONSTANT_CONVERSION = YES;
				CLANG_WARN_DIRECT_OBJC_ISA_USAGE = YES_ERROR;
				CLANG_WARN_DOCUMENTATION_COMMENTS = YES;
				CLANG_WARN_EMPTY_BODY = YES;
				CLANG_WARN_ENUM_CONVERSION = YES;
				CLANG_WARN_INFINITE_RECURSION = YES;
				CLANG_WARN_INT_CONVERSION = YES;
				CLANG_WARN_OBJC_ROOT_CLASS = YES_ERROR;
				CLANG_WARN_SUSPICIOUS_MOVE = YES;
				CLANG_WARN_UNREACHABLE_CODE = YES;
				CLANG_WARN__DUPLICATE_METHOD_MATCH = YES;
				"CODE_SIGN_IDENTITY[sdk=iphoneos*]" = "iPhone Developer";
				COPY_PHASE_STRIP = NO;
				DEBUG_INFORMATION_FORMAT = dwarf;
				ENABLE_STRICT_OBJC_MSGSEND = YES;
				ENABLE_TESTABILITY = YES;
				GCC_C_LANGUAGE_STANDARD = gnu99;
				GCC_DYNAMIC_NO_PIC = NO;
				GCC_NO_COMMON_BLOCKS = YES;
				GCC_OPTIMIZATION_LEVEL = 0;
				GCC_PREPROCESSOR_DEFINITIONS = (
					"DEBUG=1",
					"$(inherited)",
				);
				GCC_WARN_64_TO_32_BIT_CONVERSION = YES;
				GCC_WARN_ABOUT_RETURN_TYPE = YES_ERROR;
				GCC_WARN_UNDECLARED_SELECTOR = YES;
				GCC_WARN_UNINITIALIZED_AUTOS = YES_AGGRESSIVE;
				GCC_WARN_UNUSED_FUNCTION = YES;
				GCC_WARN_UNUSED_VARIABLE = YES;
				IPHONEOS_DEPLOYMENT_TARGET = 10.3;
				MTL_ENABLE_DEBUG_INFO = YES;
				ONLY_ACTIVE_ARCH = YES;
				SDKROOT = iphoneos;
				SWIFT_ACTIVE_COMPILATION_CONDITIONS = DEBUG;
				SWIFT_OPTIMIZATION_LEVEL = "-Onone";
				TARGETED_DEVICE_FAMILY = "1,2";
			};
			name = Debug;
		};
		351D94731F14BDC000762763 /* Release */ = {
			isa = XCBuildConfiguration;
			buildSettings = {
				ALWAYS_SEARCH_USER_PATHS = NO;
				CLANG_ANALYZER_NONNULL = YES;
				CLANG_ANALYZER_NUMBER_OBJECT_CONVERSION = YES_AGGRESSIVE;
				CLANG_CXX_LANGUAGE_STANDARD = "gnu++0x";
				CLANG_CXX_LIBRARY = "libc++";
				CLANG_ENABLE_MODULES = YES;
				CLANG_ENABLE_OBJC_ARC = YES;
				CLANG_WARN_BOOL_CONVERSION = YES;
				CLANG_WARN_CONSTANT_CONVERSION = YES;
				CLANG_WARN_DIRECT_OBJC_ISA_USAGE = YES_ERROR;
				CLANG_WARN_DOCUMENTATION_COMMENTS = YES;
				CLANG_WARN_EMPTY_BODY = YES;
				CLANG_WARN_ENUM_CONVERSION = YES;
				CLANG_WARN_INFINITE_RECURSION = YES;
				CLANG_WARN_INT_CONVERSION = YES;
				CLANG_WARN_OBJC_ROOT_CLASS = YES_ERROR;
				CLANG_WARN_SUSPICIOUS_MOVE = YES;
				CLANG_WARN_UNREACHABLE_CODE = YES;
				CLANG_WARN__DUPLICATE_METHOD_MATCH = YES;
				"CODE_SIGN_IDENTITY[sdk=iphoneos*]" = "iPhone Developer";
				COPY_PHASE_STRIP = NO;
				DEBUG_INFORMATION_FORMAT = "dwarf-with-dsym";
				ENABLE_NS_ASSERTIONS = NO;
				ENABLE_STRICT_OBJC_MSGSEND = YES;
				GCC_C_LANGUAGE_STANDARD = gnu99;
				GCC_NO_COMMON_BLOCKS = YES;
				GCC_WARN_64_TO_32_BIT_CONVERSION = YES;
				GCC_WARN_ABOUT_RETURN_TYPE = YES_ERROR;
				GCC_WARN_UNDECLARED_SELECTOR = YES;
				GCC_WARN_UNINITIALIZED_AUTOS = YES_AGGRESSIVE;
				GCC_WARN_UNUSED_FUNCTION = YES;
				GCC_WARN_UNUSED_VARIABLE = YES;
				IPHONEOS_DEPLOYMENT_TARGET = 10.3;
				MTL_ENABLE_DEBUG_INFO = NO;
				SDKROOT = iphoneos;
				SWIFT_OPTIMIZATION_LEVEL = "-Owholemodule";
				TARGETED_DEVICE_FAMILY = "1,2";
				VALIDATE_PRODUCT = YES;
			};
			name = Release;
		};
		351D94751F14BDC000762763 /* Debug */ = {
			isa = XCBuildConfiguration;
			baseConfigurationReference = 15E41DB46096ABD4066B84D2 /* Pods-MVVM-Demo.debug.xcconfig */;
			buildSettings = {
				ASSETCATALOG_COMPILER_APPICON_NAME = AppIcon;
				DEVELOPMENT_TEAM = JV7AQ8ED57;
				INFOPLIST_FILE = "MVVM-Demo/Info.plist";
				LD_RUNPATH_SEARCH_PATHS = "$(inherited) @executable_path/Frameworks";
				PRODUCT_BUNDLE_IDENTIFIER = "io.MVVM-Demo";
				PRODUCT_NAME = "$(TARGET_NAME)";
				SWIFT_VERSION = 3.0;
			};
			name = Debug;
		};
		351D94761F14BDC000762763 /* Release */ = {
			isa = XCBuildConfiguration;
			baseConfigurationReference = 4365537323FE85CF292FB75C /* Pods-MVVM-Demo.release.xcconfig */;
			buildSettings = {
				ASSETCATALOG_COMPILER_APPICON_NAME = AppIcon;
				DEVELOPMENT_TEAM = JV7AQ8ED57;
				INFOPLIST_FILE = "MVVM-Demo/Info.plist";
				LD_RUNPATH_SEARCH_PATHS = "$(inherited) @executable_path/Frameworks";
				PRODUCT_BUNDLE_IDENTIFIER = "io.MVVM-Demo";
				PRODUCT_NAME = "$(TARGET_NAME)";
				SWIFT_VERSION = 3.0;
			};
			name = Release;
		};
/* End XCBuildConfiguration section */

/* Begin XCConfigurationList section */
		351D945D1F14BDC000762763 /* Build configuration list for PBXProject "MVVM-Demo" */ = {
			isa = XCConfigurationList;
			buildConfigurations = (
				351D94721F14BDC000762763 /* Debug */,
				351D94731F14BDC000762763 /* Release */,
			);
			defaultConfigurationIsVisible = 0;
			defaultConfigurationName = Release;
		};
		351D94741F14BDC000762763 /* Build configuration list for PBXNativeTarget "MVVM-Demo" */ = {
			isa = XCConfigurationList;
			buildConfigurations = (
				351D94751F14BDC000762763 /* Debug */,
				351D94761F14BDC000762763 /* Release */,
			);
			defaultConfigurationIsVisible = 0;
			defaultConfigurationName = Release;
		};
/* End XCConfigurationList section */
	};
	rootObject = 351D945A1F14BDC000762763 /* Project object */;
}
